
Microsoft Visual Studio Solution File, Format Version 12.00
# Visual Studio Version 16
VisualStudioVersion = 16.0.31019.35
MinimumVisualStudioVersion = 10.0.40219.1
Project("{9A19103F-16F7-4668-BE54-9A1E7A4F7556}") = "TiendaServicios.Api.Autor", "TiendaServicios.Api.Autor\TiendaServicios.Api.Autor.csproj", "{4CC68D95-C679-4993-B563-2DF68E1DC788}"
EndProject
Project("{9A19103F-16F7-4668-BE54-9A1E7A4F7556}") = "TiendaServicios.Api.Libro", "TiendaServicios.Api.Libro\TiendaServicios.Api.Libro.csproj", "{5D91F455-2330-453A-8F34-9C6DDB6D1714}"
EndProject
Project("{9A19103F-16F7-4668-BE54-9A1E7A4F7556}") = "TiendaServicios.Api.CarritoCompra", "TiendaServicios.Api.CarritoCompra\TiendaServicios.Api.CarritoCompra.csproj", "{1D3D56E1-5345-45FC-9580-EBB023429BB6}"
EndProject
Project("{FAE04EC0-301F-11D3-BF4B-00C04F79EFBC}") = "TiendaServicios.Api.Libro.Tests", "TiendaServicios.Api.Libro.Tests\TiendaServicios.Api.Libro.Tests.csproj", "{A8466095-AE44-4A49-A988-4953DFB6651F}"
EndProject
Global
	GlobalSection(SolutionConfigurationPlatforms) = preSolution
		Debug|Any CPU = Debug|Any CPU
		Release|Any CPU = Release|Any CPU
	EndGlobalSection
	GlobalSection(ProjectConfigurationPlatforms) = postSolution
		{4CC68D95-C679-4993-B563-2DF68E1DC788}.Debug|Any CPU.ActiveCfg = Debug|Any CPU
		{4CC68D95-C679-4993-B563-2DF68E1DC788}.Debug|Any CPU.Build.0 = Debug|Any CPU
		{4CC68D95-C679-4993-B563-2DF68E1DC788}.Release|Any CPU.ActiveCfg = Release|Any CPU
		{4CC68D95-C679-4993-B563-2DF68E1DC788}.Release|Any CPU.Build.0 = Release|Any CPU
		{5D91F455-2330-453A-8F34-9C6DDB6D1714}.Debug|Any CPU.ActiveCfg = Debug|Any CPU
		{5D91F455-2330-453A-8F34-9C6DDB6D1714}.Debug|Any CPU.Build.0 = Debug|Any CPU
		{5D91F455-2330-453A-8F34-9C6DDB6D1714}.Release|Any CPU.ActiveCfg = Release|Any CPU
		{5D91F455-2330-453A-8F34-9C6DDB6D1714}.Release|Any CPU.Build.0 = Release|Any CPU
		{1D3D56E1-5345-45FC-9580-EBB023429BB6}.Debug|Any CPU.ActiveCfg = Debug|Any CPU
		{1D3D56E1-5345-45FC-9580-EBB023429BB6}.Debug|Any CPU.Build.0 = Debug|Any CPU
		{1D3D56E1-5345-45FC-9580-EBB023429BB6}.Release|Any CPU.ActiveCfg = Release|Any CPU
		{1D3D56E1-5345-45FC-9580-EBB023429BB6}.Release|Any CPU.Build.0 = Release|Any CPU
		{A8466095-AE44-4A49-A988-4953DFB6651F}.Debug|Any CPU.ActiveCfg = Debug|Any CPU
		{A8466095-AE44-4A49-A988-4953DFB6651F}.Debug|Any CPU.Build.0 = Debug|Any CPU
		{A8466095-AE44-4A49-A988-4953DFB6651F}.Release|Any CPU.ActiveCfg = Release|Any CPU
		{A8466095-AE44-4A49-A988-4953DFB6651F}.Release|Any CPU.Build.0 = Release|Any CPU
	EndGlobalSection
	GlobalSection(SolutionProperties) = preSolution
		HideSolutionNode = FALSE
	EndGlobalSection
	GlobalSection(ExtensibilityGlobals) = postSolution
		SolutionGuid = {B277B62C-6750-4FB1-89CC-9C87D502C99E}
	EndGlobalSection
EndGlobal
